
Microsoft Visual Studio Solution File, Format Version 12.00
# Visual Studio 15
VisualStudioVersion = 15.0.26730.8
MinimumVisualStudioVersion = 10.0.40219.1
Project("{D954291E-2A0B-460D-934E-DC6B0785DB48}") = "FaceMobile", "FaceMobile\FaceMobile\FaceMobile.shproj", "{B1933041-5B79-47CC-8768-2B9453AD4AC9}"
EndProject
Project("{FAE04EC0-301F-11D3-BF4B-00C04F79EFBC}") = "FaceMobile.Android", "FaceMobile\FaceMobile.Android\FaceMobile.Android.csproj", "{619796DA-A0E0-440C-83DE-F198EF14F857}"
EndProject
Project("{FAE04EC0-301F-11D3-BF4B-00C04F79EFBC}") = "FaceMobile.iOS", "FaceMobile\FaceMobile.iOS\FaceMobile.iOS.csproj", "{FD95E500-3E11-4E9A-80CF-BC59EE6A5A53}"
EndProject
Project("{FAE04EC0-301F-11D3-BF4B-00C04F79EFBC}") = "FaceMobile.UWP", "FaceMobile\FaceMobile.UWP\FaceMobile.UWP.csproj", "{17F2E050-8AD3-4D7F-B7E8-6A35787050D9}"
EndProject
Global
	GlobalSection(SharedMSBuildProjectFiles) = preSolution
		FaceMobile\FaceMobile\FaceMobile.projitems*{17f2e050-8ad3-4d7f-b7e8-6a35787050d9}*SharedItemsImports = 4
		FaceMobile\FaceMobile\FaceMobile.projitems*{619796da-a0e0-440c-83de-f198ef14f857}*SharedItemsImports = 4
		FaceMobile\FaceMobile\FaceMobile.projitems*{b1933041-5b79-47cc-8768-2b9453ad4ac9}*SharedItemsImports = 13
		FaceMobile\FaceMobile\FaceMobile.projitems*{fd95e500-3e11-4e9a-80cf-bc59ee6a5a53}*SharedItemsImports = 4
	EndGlobalSection
	GlobalSection(SolutionConfigurationPlatforms) = preSolution
		Ad-Hoc|Any CPU = Ad-Hoc|Any CPU
		Ad-Hoc|ARM = Ad-Hoc|ARM
		Ad-Hoc|iPhone = Ad-Hoc|iPhone
		Ad-Hoc|iPhoneSimulator = Ad-Hoc|iPhoneSimulator
		Ad-Hoc|x64 = Ad-Hoc|x64
		Ad-Hoc|x86 = Ad-Hoc|x86
		AppStore|Any CPU = AppStore|Any CPU
		AppStore|ARM = AppStore|ARM
		AppStore|iPhone = AppStore|iPhone
		AppStore|iPhoneSimulator = AppStore|iPhoneSimulator
		AppStore|x64 = AppStore|x64
		AppStore|x86 = AppStore|x86
		Debug|Any CPU = Debug|Any CPU
		Debug|ARM = Debug|ARM
		Debug|iPhone = Debug|iPhone
		Debug|iPhoneSimulator = Debug|iPhoneSimulator
		Debug|x64 = Debug|x64
		Debug|x86 = Debug|x86
		Release|Any CPU = Release|Any CPU
		Release|ARM = Release|ARM
		Release|iPhone = Release|iPhone
		Release|iPhoneSimulator = Release|iPhoneSimulator
		Release|x64 = Release|x64
		Release|x86 = Release|x86
	EndGlobalSection
	GlobalSection(ProjectConfigurationPlatforms) = postSolution
		{619796DA-A0E0-440C-83DE-F198EF14F857}.Ad-Hoc|Any CPU.ActiveCfg = Release|Any CPU
		{619796DA-A0E0-440C-83DE-F198EF14F857}.Ad-Hoc|Any CPU.Build.0 = Release|Any CPU
		{619796DA-A0E0-440C-83DE-F198EF14F857}.Ad-Hoc|Any CPU.Deploy.0 = Release|Any CPU
		{619796DA-A0E0-440C-83DE-F198EF14F857}.Ad-Hoc|ARM.ActiveCfg = Release|Any CPU
		{619796DA-A0E0-440C-83DE-F198EF14F857}.Ad-Hoc|ARM.Build.0 = Release|Any CPU
		{619796DA-A0E0-440C-83DE-F198EF14F857}.Ad-Hoc|ARM.Deploy.0 = Release|Any CPU
		{619796DA-A0E0-440C-83DE-F198EF14F857}.Ad-Hoc|iPhone.ActiveCfg = Release|Any CPU
		{619796DA-A0E0-440C-83DE-F198EF14F857}.Ad-Hoc|iPhone.Build.0 = Release|Any CPU
		{619796DA-A0E0-440C-83DE-F198EF14F857}.Ad-Hoc|iPhone.Deploy.0 = Release|Any CPU
		{619796DA-A0E0-440C-83DE-F198EF14F857}.Ad-Hoc|iPhoneSimulator.ActiveCfg = Release|Any CPU
		{619796DA-A0E0-440C-83DE-F198EF14F857}.Ad-Hoc|iPhoneSimulator.Build.0 = Release|Any CPU
		{619796DA-A0E0-440C-83DE-F198EF14F857}.Ad-Hoc|iPhoneSimulator.Deploy.0 = Release|Any CPU
		{619796DA-A0E0-440C-83DE-F198EF14F857}.Ad-Hoc|x64.ActiveCfg = Release|Any CPU
		{619796DA-A0E0-440C-83DE-F198EF14F857}.Ad-Hoc|x64.Build.0 = Release|Any CPU
		{619796DA-A0E0-440C-83DE-F198EF14F857}.Ad-Hoc|x64.Deploy.0 = Release|Any CPU
		{619796DA-A0E0-440C-83DE-F198EF14F857}.Ad-Hoc|x86.ActiveCfg = Release|Any CPU
		{619796DA-A0E0-440C-83DE-F198EF14F857}.Ad-Hoc|x86.Build.0 = Release|Any CPU
		{619796DA-A0E0-440C-83DE-F198EF14F857}.Ad-Hoc|x86.Deploy.0 = Release|Any CPU
		{619796DA-A0E0-440C-83DE-F198EF14F857}.AppStore|Any CPU.ActiveCfg = Release|Any CPU
		{619796DA-A0E0-440C-83DE-F198EF14F857}.AppStore|Any CPU.Build.0 = Release|Any CPU
		{619796DA-A0E0-440C-83DE-F198EF14F857}.AppStore|Any CPU.Deploy.0 = Release|Any CPU
		{619796DA-A0E0-440C-83DE-F198EF14F857}.AppStore|ARM.ActiveCfg = Release|Any CPU
		{619796DA-A0E0-440C-83DE-F198EF14F857}.AppStore|ARM.Build.0 = Release|Any CPU
		{619796DA-A0E0-440C-83DE-F198EF14F857}.AppStore|ARM.Deploy.0 = Release|Any CPU
		{619796DA-A0E0-440C-83DE-F198EF14F857}.AppStore|iPhone.ActiveCfg = Release|Any CPU
		{619796DA-A0E0-440C-83DE-F198EF14F857}.AppStore|iPhone.Build.0 = Release|Any CPU
		{619796DA-A0E0-440C-83DE-F198EF14F857}.AppStore|iPhone.Deploy.0 = Release|Any CPU
		{619796DA-A0E0-440C-83DE-F198EF14F857}.AppStore|iPhoneSimulator.ActiveCfg = Release|Any CPU
		{619796DA-A0E0-440C-83DE-F198EF14F857}.AppStore|iPhoneSimulator.Build.0 = Release|Any CPU
		{619796DA-A0E0-440C-83DE-F198EF14F857}.AppStore|iPhoneSimulator.Deploy.0 = Release|Any CPU
		{619796DA-A0E0-440C-83DE-F198EF14F857}.AppStore|x64.ActiveCfg = Release|Any CPU
		{619796DA-A0E0-440C-83DE-F198EF14F857}.AppStore|x64.Build.0 = Release|Any CPU
		{619796DA-A0E0-440C-83DE-F198EF14F857}.AppStore|x64.Deploy.0 = Release|Any CPU
		{619796DA-A0E0-440C-83DE-F198EF14F857}.AppStore|x86.ActiveCfg = Release|Any CPU
		{619796DA-A0E0-440C-83DE-F198EF14F857}.AppStore|x86.Build.0 = Release|Any CPU
		{619796DA-A0E0-440C-83DE-F198EF14F857}.AppStore|x86.Deploy.0 = Release|Any CPU
		{619796DA-A0E0-440C-83DE-F198EF14F857}.Debug|Any CPU.ActiveCfg = Debug|Any CPU
		{619796DA-A0E0-440C-83DE-F198EF14F857}.Debug|Any CPU.Build.0 = Debug|Any CPU
		{619796DA-A0E0-440C-83DE-F198EF14F857}.Debug|Any CPU.Deploy.0 = Debug|Any CPU
		{619796DA-A0E0-440C-83DE-F198EF14F857}.Debug|ARM.ActiveCfg = Debug|Any CPU
		{619796DA-A0E0-440C-83DE-F198EF14F857}.Debug|ARM.Build.0 = Debug|Any CPU
		{619796DA-A0E0-440C-83DE-F198EF14F857}.Debug|ARM.Deploy.0 = Debug|Any CPU
		{619796DA-A0E0-440C-83DE-F198EF14F857}.Debug|iPhone.ActiveCfg = Debug|Any CPU
		{619796DA-A0E0-440C-83DE-F198EF14F857}.Debug|iPhone.Build.0 = Debug|Any CPU
		{619796DA-A0E0-440C-83DE-F198EF14F857}.Debug|iPhone.Deploy.0 = Debug|Any CPU
		{619796DA-A0E0-440C-83DE-F198EF14F857}.Debug|iPhoneSimulator.ActiveCfg = Debug|Any CPU
		{619796DA-A0E0-440C-83DE-F198EF14F857}.Debug|iPhoneSimulator.Build.0 = Debug|Any CPU
		{619796DA-A0E0-440C-83DE-F198EF14F857}.Debug|iPhoneSimulator.Deploy.0 = Debug|Any CPU
		{619796DA-A0E0-440C-83DE-F198EF14F857}.Debug|x64.ActiveCfg = Debug|Any CPU
		{619796DA-A0E0-440C-83DE-F198EF14F857}.Debug|x64.Build.0 = Debug|Any CPU
		{619796DA-A0E0-440C-83DE-F198EF14F857}.Debug|x64.Deploy.0 = Debug|Any CPU
		{619796DA-A0E0-440C-83DE-F198EF14F857}.Debug|x86.ActiveCfg = Debug|Any CPU
		{619796DA-A0E0-440C-83DE-F198EF14F857}.Debug|x86.Build.0 = Debug|Any CPU
		{619796DA-A0E0-440C-83DE-F198EF14F857}.Debug|x86.Deploy.0 = Debug|Any CPU
		{619796DA-A0E0-440C-83DE-F198EF14F857}.Release|Any CPU.ActiveCfg = Release|Any CPU
		{619796DA-A0E0-440C-83DE-F198EF14F857}.Release|Any CPU.Build.0 = Release|Any CPU
		{619796DA-A0E0-440C-83DE-F198EF14F857}.Release|Any CPU.Deploy.0 = Release|Any CPU
		{619796DA-A0E0-440C-83DE-F198EF14F857}.Release|ARM.ActiveCfg = Release|Any CPU
		{619796DA-A0E0-440C-83DE-F198EF14F857}.Release|ARM.Build.0 = Release|Any CPU
		{619796DA-A0E0-440C-83DE-F198EF14F857}.Release|ARM.Deploy.0 = Release|Any CPU
		{619796DA-A0E0-440C-83DE-F198EF14F857}.Release|iPhone.ActiveCfg = Release|Any CPU
		{619796DA-A0E0-440C-83DE-F198EF14F857}.Release|iPhone.Build.0 = Release|Any CPU
		{619796DA-A0E0-440C-83DE-F198EF14F857}.Release|iPhone.Deploy.0 = Release|Any CPU
		{619796DA-A0E0-440C-83DE-F198EF14F857}.Release|iPhoneSimulator.ActiveCfg = Release|Any CPU
		{619796DA-A0E0-440C-83DE-F198EF14F857}.Release|iPhoneSimulator.Build.0 = Release|Any CPU
		{619796DA-A0E0-440C-83DE-F198EF14F857}.Release|iPhoneSimulator.Deploy.0 = Release|Any CPU
		{619796DA-A0E0-440C-83DE-F198EF14F857}.Release|x64.ActiveCfg = Release|Any CPU
		{619796DA-A0E0-440C-83DE-F198EF14F857}.Release|x64.Build.0 = Release|Any CPU
		{619796DA-A0E0-440C-83DE-F198EF14F857}.Release|x64.Deploy.0 = Release|Any CPU
		{619796DA-A0E0-440C-83DE-F198EF14F857}.Release|x86.ActiveCfg = Release|Any CPU
		{619796DA-A0E0-440C-83DE-F198EF14F857}.Release|x86.Build.0 = Release|Any CPU
		{619796DA-A0E0-440C-83DE-F198EF14F857}.Release|x86.Deploy.0 = Release|Any CPU
		{FD95E500-3E11-4E9A-80CF-BC59EE6A5A53}.Ad-Hoc|Any CPU.ActiveCfg = Ad-Hoc|iPhone
		{FD95E500-3E11-4E9A-80CF-BC59EE6A5A53}.Ad-Hoc|ARM.ActiveCfg = Ad-Hoc|iPhone
		{FD95E500-3E11-4E9A-80CF-BC59EE6A5A53}.Ad-Hoc|iPhone.ActiveCfg = Ad-Hoc|iPhone
		{FD95E500-3E11-4E9A-80CF-BC59EE6A5A53}.Ad-Hoc|iPhone.Build.0 = Ad-Hoc|iPhone
		{FD95E500-3E11-4E9A-80CF-BC59EE6A5A53}.Ad-Hoc|iPhoneSimulator.ActiveCfg = Ad-Hoc|iPhoneSimulator
		{FD95E500-3E11-4E9A-80CF-BC59EE6A5A53}.Ad-Hoc|iPhoneSimulator.Build.0 = Ad-Hoc|iPhoneSimulator
		{FD95E500-3E11-4E9A-80CF-BC59EE6A5A53}.Ad-Hoc|x64.ActiveCfg = Ad-Hoc|iPhone
		{FD95E500-3E11-4E9A-80CF-BC59EE6A5A53}.Ad-Hoc|x86.ActiveCfg = Ad-Hoc|iPhone
		{FD95E500-3E11-4E9A-80CF-BC59EE6A5A53}.AppStore|Any CPU.ActiveCfg = AppStore|iPhone
		{FD95E500-3E11-4E9A-80CF-BC59EE6A5A53}.AppStore|ARM.ActiveCfg = AppStore|iPhone
		{FD95E500-3E11-4E9A-80CF-BC59EE6A5A53}.AppStore|iPhone.ActiveCfg = AppStore|iPhone
		{FD95E500-3E11-4E9A-80CF-BC59EE6A5A53}.AppStore|iPhone.Build.0 = AppStore|iPhone
		{FD95E500-3E11-4E9A-80CF-BC59EE6A5A53}.AppStore|iPhoneSimulator.ActiveCfg = AppStore|iPhoneSimulator
		{FD95E500-3E11-4E9A-80CF-BC59EE6A5A53}.AppStore|iPhoneSimulator.Build.0 = AppStore|iPhoneSimulator
		{FD95E500-3E11-4E9A-80CF-BC59EE6A5A53}.AppStore|x64.ActiveCfg = AppStore|iPhone
		{FD95E500-3E11-4E9A-80CF-BC59EE6A5A53}.AppStore|x86.ActiveCfg = AppStore|iPhone
		{FD95E500-3E11-4E9A-80CF-BC59EE6A5A53}.Debug|Any CPU.ActiveCfg = Debug|iPhone
		{FD95E500-3E11-4E9A-80CF-BC59EE6A5A53}.Debug|ARM.ActiveCfg = Debug|iPhone
		{FD95E500-3E11-4E9A-80CF-BC59EE6A5A53}.Debug|iPhone.ActiveCfg = Debug|iPhone
		{FD95E500-3E11-4E9A-80CF-BC59EE6A5A53}.Debug|iPhone.Build.0 = Debug|iPhone
		{FD95E500-3E11-4E9A-80CF-BC59EE6A5A53}.Debug|iPhoneSimulator.ActiveCfg = Debug|iPhoneSimulator
		{FD95E500-3E11-4E9A-80CF-BC59EE6A5A53}.Debug|iPhoneSimulator.Build.0 = Debug|iPhoneSimulator
		{FD95E500-3E11-4E9A-80CF-BC59EE6A5A53}.Debug|x64.ActiveCfg = Debug|iPhone
		{FD95E500-3E11-4E9A-80CF-BC59EE6A5A53}.Debug|x86.ActiveCfg = Debug|iPhone
		{FD95E500-3E11-4E9A-80CF-BC59EE6A5A53}.Release|Any CPU.ActiveCfg = Release|iPhone
		{FD95E500-3E11-4E9A-80CF-BC59EE6A5A53}.Release|ARM.ActiveCfg = Release|iPhone
		{FD95E500-3E11-4E9A-80CF-BC59EE6A5A53}.Release|iPhone.ActiveCfg = Release|iPhone
		{FD95E500-3E11-4E9A-80CF-BC59EE6A5A53}.Release|iPhone.Build.0 = Release|iPhone
		{FD95E500-3E11-4E9A-80CF-BC59EE6A5A53}.Release|iPhoneSimulator.ActiveCfg = Release|iPhoneSimulator
		{FD95E500-3E11-4E9A-80CF-BC59EE6A5A53}.Release|iPhoneSimulator.Build.0 = Release|iPhoneSimulator
		{FD95E500-3E11-4E9A-80CF-BC59EE6A5A53}.Release|x64.ActiveCfg = Release|iPhone
		{FD95E500-3E11-4E9A-80CF-BC59EE6A5A53}.Release|x86.ActiveCfg = Release|iPhone
		{17F2E050-8AD3-4D7F-B7E8-6A35787050D9}.Ad-Hoc|Any CPU.ActiveCfg = Release|x86
		{17F2E050-8AD3-4D7F-B7E8-6A35787050D9}.Ad-Hoc|Any CPU.Build.0 = Release|x86
		{17F2E050-8AD3-4D7F-B7E8-6A35787050D9}.Ad-Hoc|Any CPU.Deploy.0 = Release|x86
		{17F2E050-8AD3-4D7F-B7E8-6A35787050D9}.Ad-Hoc|ARM.ActiveCfg = Release|ARM
		{17F2E050-8AD3-4D7F-B7E8-6A35787050D9}.Ad-Hoc|ARM.Build.0 = Release|ARM
		{17F2E050-8AD3-4D7F-B7E8-6A35787050D9}.Ad-Hoc|ARM.Deploy.0 = Release|ARM
		{17F2E050-8AD3-4D7F-B7E8-6A35787050D9}.Ad-Hoc|iPhone.ActiveCfg = Release|x86
		{17F2E050-8AD3-4D7F-B7E8-6A35787050D9}.Ad-Hoc|iPhone.Build.0 = Release|x86
		{17F2E050-8AD3-4D7F-B7E8-6A35787050D9}.Ad-Hoc|iPhone.Deploy.0 = Release|x86
		{17F2E050-8AD3-4D7F-B7E8-6A35787050D9}.Ad-Hoc|iPhoneSimulator.ActiveCfg = Release|x86
		{17F2E050-8AD3-4D7F-B7E8-6A35787050D9}.Ad-Hoc|iPhoneSimulator.Build.0 = Release|x86
		{17F2E050-8AD3-4D7F-B7E8-6A35787050D9}.Ad-Hoc|iPhoneSimulator.Deploy.0 = Release|x86
		{17F2E050-8AD3-4D7F-B7E8-6A35787050D9}.Ad-Hoc|x64.ActiveCfg = Release|x64
		{17F2E050-8AD3-4D7F-B7E8-6A35787050D9}.Ad-Hoc|x64.Build.0 = Release|x64
		{17F2E050-8AD3-4D7F-B7E8-6A35787050D9}.Ad-Hoc|x64.Deploy.0 = Release|x64
		{17F2E050-8AD3-4D7F-B7E8-6A35787050D9}.Ad-Hoc|x86.ActiveCfg = Release|x86
		{17F2E050-8AD3-4D7F-B7E8-6A35787050D9}.Ad-Hoc|x86.Build.0 = Release|x86
		{17F2E050-8AD3-4D7F-B7E8-6A35787050D9}.Ad-Hoc|x86.Deploy.0 = Release|x86
		{17F2E050-8AD3-4D7F-B7E8-6A35787050D9}.AppStore|Any CPU.ActiveCfg = Release|x86
		{17F2E050-8AD3-4D7F-B7E8-6A35787050D9}.AppStore|Any CPU.Build.0 = Release|x86
		{17F2E050-8AD3-4D7F-B7E8-6A35787050D9}.AppStore|Any CPU.Deploy.0 = Release|x86
		{17F2E050-8AD3-4D7F-B7E8-6A35787050D9}.AppStore|ARM.ActiveCfg = Release|ARM
		{17F2E050-8AD3-4D7F-B7E8-6A35787050D9}.AppStore|ARM.Build.0 = Release|ARM
		{17F2E050-8AD3-4D7F-B7E8-6A35787050D9}.AppStore|ARM.Deploy.0 = Release|ARM
		{17F2E050-8AD3-4D7F-B7E8-6A35787050D9}.AppStore|iPhone.ActiveCfg = Release|x86
		{17F2E050-8AD3-4D7F-B7E8-6A35787050D9}.AppStore|iPhone.Build.0 = Release|x86
		{17F2E050-8AD3-4D7F-B7E8-6A35787050D9}.AppStore|iPhone.Deploy.0 = Release|x86
		{17F2E050-8AD3-4D7F-B7E8-6A35787050D9}.AppStore|iPhoneSimulator.ActiveCfg = Release|x86
		{17F2E050-8AD3-4D7F-B7E8-6A35787050D9}.AppStore|iPhoneSimulator.Build.0 = Release|x86
		{17F2E050-8AD3-4D7F-B7E8-6A35787050D9}.AppStore|iPhoneSimulator.Deploy.0 = Release|x86
		{17F2E050-8AD3-4D7F-B7E8-6A35787050D9}.AppStore|x64.ActiveCfg = Release|x64
		{17F2E050-8AD3-4D7F-B7E8-6A35787050D9}.AppStore|x64.Build.0 = Release|x64
		{17F2E050-8AD3-4D7F-B7E8-6A35787050D9}.AppStore|x64.Deploy.0 = Release|x64
		{17F2E050-8AD3-4D7F-B7E8-6A35787050D9}.AppStore|x86.ActiveCfg = Release|x86
		{17F2E050-8AD3-4D7F-B7E8-6A35787050D9}.AppStore|x86.Build.0 = Release|x86
		{17F2E050-8AD3-4D7F-B7E8-6A35787050D9}.AppStore|x86.Deploy.0 = Release|x86
		{17F2E050-8AD3-4D7F-B7E8-6A35787050D9}.Debug|Any CPU.ActiveCfg = Debug|x86
		{17F2E050-8AD3-4D7F-B7E8-6A35787050D9}.Debug|ARM.ActiveCfg = Debug|ARM
		{17F2E050-8AD3-4D7F-B7E8-6A35787050D9}.Debug|ARM.Build.0 = Debug|ARM
		{17F2E050-8AD3-4D7F-B7E8-6A35787050D9}.Debug|ARM.Deploy.0 = Debug|ARM
		{17F2E050-8AD3-4D7F-B7E8-6A35787050D9}.Debug|iPhone.ActiveCfg = Debug|x86
		{17F2E050-8AD3-4D7F-B7E8-6A35787050D9}.Debug|iPhoneSimulator.ActiveCfg = Debug|x86
		{17F2E050-8AD3-4D7F-B7E8-6A35787050D9}.Debug|x64.ActiveCfg = Debug|x64
		{17F2E050-8AD3-4D7F-B7E8-6A35787050D9}.Debug|x64.Build.0 = Debug|x64
		{17F2E050-8AD3-4D7F-B7E8-6A35787050D9}.Debug|x64.Deploy.0 = Debug|x64
		{17F2E050-8AD3-4D7F-B7E8-6A35787050D9}.Debug|x86.ActiveCfg = Debug|x86
		{17F2E050-8AD3-4D7F-B7E8-6A35787050D9}.Debug|x86.Build.0 = Debug|x86
		{17F2E050-8AD3-4D7F-B7E8-6A35787050D9}.Debug|x86.Deploy.0 = Debug|x86
		{17F2E050-8AD3-4D7F-B7E8-6A35787050D9}.Release|Any CPU.ActiveCfg = Release|x86
		{17F2E050-8AD3-4D7F-B7E8-6A35787050D9}.Release|ARM.ActiveCfg = Release|ARM
		{17F2E050-8AD3-4D7F-B7E8-6A35787050D9}.Release|ARM.Build.0 = Release|ARM
		{17F2E050-8AD3-4D7F-B7E8-6A35787050D9}.Release|ARM.Deploy.0 = Release|ARM
		{17F2E050-8AD3-4D7F-B7E8-6A35787050D9}.Release|iPhone.ActiveCfg = Release|x86
		{17F2E050-8AD3-4D7F-B7E8-6A35787050D9}.Release|iPhoneSimulator.ActiveCfg = Release|x86
		{17F2E050-8AD3-4D7F-B7E8-6A35787050D9}.Release|x64.ActiveCfg = Release|x64
		{17F2E050-8AD3-4D7F-B7E8-6A35787050D9}.Release|x64.Build.0 = Release|x64
		{17F2E050-8AD3-4D7F-B7E8-6A35787050D9}.Release|x64.Deploy.0 = Release|x64
		{17F2E050-8AD3-4D7F-B7E8-6A35787050D9}.Release|x86.ActiveCfg = Release|x86
		{17F2E050-8AD3-4D7F-B7E8-6A35787050D9}.Release|x86.Build.0 = Release|x86
		{17F2E050-8AD3-4D7F-B7E8-6A35787050D9}.Release|x86.Deploy.0 = Release|x86
	EndGlobalSection
	GlobalSection(SolutionProperties) = preSolution
		HideSolutionNode = FALSE
	EndGlobalSection
	GlobalSection(ExtensibilityGlobals) = postSolution
		SolutionGuid = {D65C83FB-2928-4C41-85E0-AB89EE7571C8}
	EndGlobalSection
EndGlobal
